
Microsoft Visual Studio Solution File, Format Version 12.00
# Visual Studio 15
VisualStudioVersion = 15.0.28010.2041
MinimumVisualStudioVersion = 10.0.40219.1
Project("{FAE04EC0-301F-11D3-BF4B-00C04F79EFBC}") = "ConsoleAppTest.FullFramework", "ConsoleAppTest.FullFramework\ConsoleAppTest.FullFramework.csproj", "{90CAA4AC-A9C0-43A9-9A86-609CC4B7831B}"
EndProject
Project("{9A19103F-16F7-4668-BE54-9A1E7A4F7556}") = "NLogTarget.Splunk", "NLogTarget.Splunk\NLogTarget.Splunk.csproj", "{F056FB23-4EC2-41DE-AC6B-227C84693CAB}"
EndProject
Global
	GlobalSection(SolutionConfigurationPlatforms) = preSolution
		Debug|Any CPU = Debug|Any CPU
		Release|Any CPU = Release|Any CPU
	EndGlobalSection
	GlobalSection(ProjectConfigurationPlatforms) = postSolution
		{90CAA4AC-A9C0-43A9-9A86-609CC4B7831B}.Debug|Any CPU.ActiveCfg = Debug|Any CPU
		{90CAA4AC-A9C0-43A9-9A86-609CC4B7831B}.Debug|Any CPU.Build.0 = Debug|Any CPU
		{90CAA4AC-A9C0-43A9-9A86-609CC4B7831B}.Release|Any CPU.ActiveCfg = Release|Any CPU
		{90CAA4AC-A9C0-43A9-9A86-609CC4B7831B}.Release|Any CPU.Build.0 = Release|Any CPU
		{F056FB23-4EC2-41DE-AC6B-227C84693CAB}.Debug|Any CPU.ActiveCfg = Debug|Any CPU
		{F056FB23-4EC2-41DE-AC6B-227C84693CAB}.Debug|Any CPU.Build.0 = Debug|Any CPU
		{F056FB23-4EC2-41DE-AC6B-227C84693CAB}.Release|Any CPU.ActiveCfg = Release|Any CPU
		{F056FB23-4EC2-41DE-AC6B-227C84693CAB}.Release|Any CPU.Build.0 = Release|Any CPU
	EndGlobalSection
	GlobalSection(SolutionProperties) = preSolution
		HideSolutionNode = FALSE
	EndGlobalSection
	GlobalSection(ExtensibilityGlobals) = postSolution
		SolutionGuid = {A9874032-3679-40AD-8860-113FC2B6AE43}
	EndGlobalSection
EndGlobal
