
Microsoft Visual Studio Solution File, Format Version 12.00
# Visual Studio 15
VisualStudioVersion = 15.0.27703.2042
MinimumVisualStudioVersion = 10.0.40219.1
Project("{FAE04EC0-301F-11D3-BF4B-00C04F79EFBC}") = "NLogTarget.Splunk", "NLogTarget.Splunk\NLogTarget.Splunk.csproj", "{8F64FBF9-058A-4CCE-831C-0BA49709E9FB}"
EndProject
Global
	GlobalSection(SolutionConfigurationPlatforms) = preSolution
		Debug|Any CPU = Debug|Any CPU
		Release|Any CPU = Release|Any CPU
	EndGlobalSection
	GlobalSection(ProjectConfigurationPlatforms) = postSolution
		{8F64FBF9-058A-4CCE-831C-0BA49709E9FB}.Debug|Any CPU.ActiveCfg = Debug|Any CPU
		{8F64FBF9-058A-4CCE-831C-0BA49709E9FB}.Debug|Any CPU.Build.0 = Debug|Any CPU
		{8F64FBF9-058A-4CCE-831C-0BA49709E9FB}.Release|Any CPU.ActiveCfg = Release|Any CPU
		{8F64FBF9-058A-4CCE-831C-0BA49709E9FB}.Release|Any CPU.Build.0 = Release|Any CPU
	EndGlobalSection
	GlobalSection(SolutionProperties) = preSolution
		HideSolutionNode = FALSE
	EndGlobalSection
	GlobalSection(ExtensibilityGlobals) = postSolution
		SolutionGuid = {64D32EB9-6EC7-4998-9317-88555677D2F2}
	EndGlobalSection
EndGlobal
